<?xml version="1.0" encoding="utf-8"?>
<Project ToolsVersion="4.0" xmlns="http://schemas.microsoft.com/developer/msbuild/2003">
  <ItemGroup>
    <Filter Include="Source Files">
      <UniqueIdentifier>{4FC737F1-C7A5-4376-A066-2A32D752A2FF}</UniqueIdentifier>
      <Extensions>cpp;c;cc;cxx;def;odl;idl;hpj;bat;asm;asmx</Extensions>
    </Filter>
    <Filter Include="Header Files">
      <UniqueIdentifier>{93995380-89BD-4b04-88EB-625FBE52EBFB}</UniqueIdentifier>
      <Extensions>h;hh;hpp;hxx;hm;inl;inc;ipp;xsd</Extensions>
    </Filter>
    <Filter Include="Resource Files">
      <UniqueIdentifier>{67DA6AB6-F800-4c08-8B7A-83BB121AAD01}</UniqueIdentifier>
      <Extensions>rc;ico;cur;bmp;dlg;rc2;rct;bin;rgs;gif;jpg;jpeg;jpe;resx;tiff;tif;png;wav;mfcribbon-ms</Extensions>
    </Filter>
  </ItemGroup>
  <ItemGroup>
    <ClCompile Include="main.cpp">
      <Filter>Source Files</Filter>
    </ClCompile>
    <ClCompile Include="GalagaGameScene.cpp">
      <Filter>Source Files</Filter>
    </ClCompile>
    <ClCompile Include="ShipPlayer.cpp">
      <Filter>Source Files</Filter>
    </ClCompile>
    <ClCompile Include="UnarmedEnemy.cpp">
      <Filter>Source Files</Filter>
    </ClCompile>
    <ClCompile Include="BulletPlayer.cpp">
      <Filter>Source Files</Filter>
    </ClCompile>
    <ClCompile Include="ArmedEnemy.cpp">
      <Filter>Source Files</Filter>
    </ClCompile>
    <ClCompile Include="BulletEnemy.cpp">
      <Filter>Source Files</Filter>
    </ClCompile>
    <ClCompile Include="StartScene.cpp">
      <Filter>Source Files</Filter>
    </ClCompile>
    <ClCompile Include="StartGameButton.cpp">
      <Filter>Source Files</Filter>
    </ClCompile>
    <ClCompile Include="GameOverScene.cpp">
      <Filter>Source Files</Filter>
    </ClCompile>
    <ClCompile Include="..\Engine\ExitButton.cpp">
      <Filter>Source Files</Filter>
    </ClCompile>
  </ItemGroup>
  <ItemGroup>
    <ClInclude Include="GalagaGameScene.h">
      <Filter>Header Files</Filter>
    </ClInclude>
    <ClInclude Include="ShipPlayer.h">
      <Filter>Header Files</Filter>
    </ClInclude>
    <ClInclude Include="UnarmedEnemy.h">
      <Filter>Header Files</Filter>
    </ClInclude>
    <ClInclude Include="BulletPlayer.h">
      <Filter>Header Files</Filter>
    </ClInclude>
    <ClInclude Include="ArmedEnemy.h">
      <Filter>Header Files</Filter>
    </ClInclude>
    <ClInclude Include="EnemyDirection.h">
      <Filter>Header Files</Filter>
    </ClInclude>
    <ClInclude Include="BulletEnemy.h">
      <Filter>Header Files</Filter>
    </ClInclude>
    <ClInclude Include="StartScene.h">
      <Filter>Header Files</Filter>
    </ClInclude>
    <ClInclude Include="StartGameButton.h">
      <Filter>Header Files</Filter>
    </ClInclude>
    <ClInclude Include="GameOverScene.h">
      <Filter>Header Files</Filter>
    </ClInclude>
    <ClInclude Include="..\Engine\ExitButton.h">
      <Filter>Header Files</Filter>
    </ClInclude>
    <ClInclude Include="EnemyWithScore.h">
      <Filter>Header Files</Filter>
    </ClInclude>
    <ClInclude Include="EnemyWithSpeed.h">
      <Filter>Header Files</Filter>
    </ClInclude>
  </ItemGroup>
</Project>